{
  "name": "krabka-duplicate-check",
  "lockfileVersion": 3,
  "requires": true,
  "packages": {
    "": {
      "name": "krabka-duplicate-check",
      "dependencies": {
        "jscpd": "5.4.1"
      }
    },
    "node_modules/jscpd": {
      "version": "5.4.1",
      "resolved": "https://registry.npmjs.org/jscpd/-/jscpd-5.4.1.tgz",
      "integrity": "sha512-afUt+LSQMmzSPYrWZlNGTwj8X4tmwVJbMNmr92qxPf4uUF/naLwG7SQyMPEZtrHqGgzGxmAzNjiwlVdjls2MyQ==",
      "license": "MIT",
      "bin": {
        "jscpd": "run-jscpd.js"
      },
      "engines": {
        "node": ">=18"
      },
      "funding": {
        "url": "https://opencollective.com/jscpd"
      },
      "optionalDependencies": {
        "jscpd-darwin-arm64": "5.4.1",
        "jscpd-darwin-x64": "5.4.1",
        "jscpd-linux-arm64-gnu": "5.4.1",
        "jscpd-linux-arm64-musl": "5.4.1",
        "jscpd-linux-x64-gnu": "5.4.1",
        "jscpd-linux-x64-musl": "5.4.1",
        "jscpd-windows-arm64-msvc": "5.4.1",
        "jscpd-windows-x64-msvc": "5.4.1"
      }
    },
    "node_modules/jscpd-darwin-arm64": {
      "version": "5.4.1",
      "resolved": "https://registry.npmjs.org/jscpd-darwin-arm64/-/jscpd-darwin-arm64-5.4.1.tgz",
      "integrity": "sha512-LXHVeH60C9BsozcVIMPmXWvj97KqFKbCJYmYG4hDwfwIwS1kz+uF7yiObckP6h2xo12pD88nI4XjWTB5frjZUw==",
      "cpu": [
        "arm64"
      ],
      "license": "MIT",
      "optional": true,
      "os": [
        "darwin"
      ]
    },
    "node_modules/jscpd-darwin-x64": {
      "version": "5.4.1",
      "resolved": "https://registry.npmjs.org/jscpd-darwin-x64/-/jscpd-darwin-x64-5.4.1.tgz",
      "integrity": "sha512-Gqck4tcMZjv4IvYHU2Vcikb885zTADo5T/YfEqeu1i5W5tfFpLdViiTYrh5wbrW+uxBqC33gHpG1hy0xbGYknQ==",
      "cpu": [
        "x64"
      ],
      "license": "MIT",
      "optional": true,
      "os": [
        "darwin"
      ]
    },
    "node_modules/jscpd-linux-arm64-gnu": {
      "version": "5.4.1",
      "resolved": "https://registry.npmjs.org/jscpd-linux-arm64-gnu/-/jscpd-linux-arm64-gnu-5.4.1.tgz",
      "integrity": "sha512-XUYZJZVxSY7JIBEoyOOMTgvJwmymkns4wG55tu6I/vRKXnS5QtaTESQfRLt6xj1+62aflAvr01FAhPAy+du6tA==",
      "cpu": [
        "arm64"
      ],
      "license": "MIT",
      "optional": true,
      "os": [
        "linux"
      ]
    },
    "node_modules/jscpd-linux-arm64-musl": {
      "version": "5.4.1",
      "resolved": "https://registry.npmjs.org/jscpd-linux-arm64-musl/-/jscpd-linux-arm64-musl-5.4.1.tgz",
      "integrity": "sha512-h2sH8Bk++yBxWqq2QAy4fvPzXkw1vecDSyOmzLwPfnRQoQ2Q/EWxCNOrgJSb+SNMLWoHLLzfqx8m9wt2GG6a8w==",
      "cpu": [
        "arm64"
      ],
      "license": "MIT",
      "optional": true,
      "os": [
        "linux"
      ]
    },
    "node_modules/jscpd-linux-x64-gnu": {
      "version": "5.4.1",
      "resolved": "https://registry.npmjs.org/jscpd-linux-x64-gnu/-/jscpd-linux-x64-gnu-5.4.1.tgz",
      "integrity": "sha512-UiC4YoGAVVLy6hPVz8A6cndo7W5br4FAO2hADnFeinhBPnXPu0QFh1q/s/8B3ldeQHQkpYd/l5cjqNBMrbm78w==",
      "cpu": [
        "x64"
      ],
      "license": "MIT",
      "optional": true,
      "os": [
        "linux"
      ]
    },
    "node_modules/jscpd-linux-x64-musl": {
      "version": "5.4.1",
      "resolved": "https://registry.npmjs.org/jscpd-linux-x64-musl/-/jscpd-linux-x64-musl-5.4.1.tgz",
      "integrity": "sha512-toAafl5roqfFotPrDJNMY9noNVZ9dReBqcO/nT5pJ8+7aq+opbscaLUcV4+8jxTq5btUD6CiO72+Fu+TyUZv3Q==",
      "cpu": [
        "x64"
      ],
      "license": "MIT",
      "optional": true,
      "os": [
        "linux"
      ]
    },
    "node_modules/jscpd-windows-arm64-msvc": {
      "version": "5.4.1",
      "resolved": "https://registry.npmjs.org/jscpd-windows-arm64-msvc/-/jscpd-windows-arm64-msvc-5.4.1.tgz",
      "integrity": "sha512-JLMga/NIwv/OPurPsXA2/d5OdWfdwrsBk2D4NhyKnrV/uNjo1BIi2zXztzDyTQVKMK/TEK6GPgLD143GG1fZ0A==",
      "cpu": [
        "arm64"
      ],
      "license": "MIT",
      "optional": true,
      "os": [
        "win32"
      ]
    },
    "node_modules/jscpd-windows-x64-msvc": {
      "version": "5.4.1",
      "resolved": "https://registry.npmjs.org/jscpd-windows-x64-msvc/-/jscpd-windows-x64-msvc-5.4.1.tgz",
      "integrity": "sha512-sN57Y9YP3ijrqc1IsWDceOFHUwbukg9/mU2NSDHTryKKc5CUvWz+o9GId8uKTiJIhkKfR/Ce5GKkCepTwB6kaw==",
      "cpu": [
        "x64"
      ],
      "license": "MIT",
      "optional": true,
      "os": [
        "win32"
      ]
    }
  }
}
